
Microsoft Visual Studio Solution File, Format Version 12.00
# Visual Studio Version 17
VisualStudioVersion = 17.10.34928.147
MinimumVisualStudioVersion = 10.0.40219.1
Project("{FAE04EC0-301F-11D3-BF4B-00C04F79EFBC}") = "AgeCalculator", "AgeCalculator\AgeCalculator.csproj", "{8368B476-7996-46CC-BFA2-60BB975D55BF}"
EndProject
Global
	GlobalSection(SolutionConfigurationPlatforms) = preSolution
		Debug|Any CPU = Debug|Any CPU
		Release|Any CPU = Release|Any CPU
	EndGlobalSection
	GlobalSection(ProjectConfigurationPlatforms) = postSolution
		{8368B476-7996-46CC-BFA2-60BB975D55BF}.Debug|Any CPU.ActiveCfg = Debug|Any CPU
		{8368B476-7996-46CC-BFA2-60BB975D55BF}.Debug|Any CPU.Build.0 = Debug|Any CPU
		{8368B476-7996-46CC-BFA2-60BB975D55BF}.Release|Any CPU.ActiveCfg = Release|Any CPU
		{8368B476-7996-46CC-BFA2-60BB975D55BF}.Release|Any CPU.Build.0 = Release|Any CPU
	EndGlobalSection
	GlobalSection(SolutionProperties) = preSolution
		HideSolutionNode = FALSE
	EndGlobalSection
	GlobalSection(ExtensibilityGlobals) = postSolution
		SolutionGuid = {98813F2C-11A5-4E36-A14F-43E9CC8F444A}
	EndGlobalSection
EndGlobal
